
Microsoft Visual Studio Solution File, Format Version 12.00
# Visual Studio Version 17
VisualStudioVersion = 17.2.32616.157
MinimumVisualStudioVersion = 10.0.40219.1
Project("{9A19103F-16F7-4668-BE54-9A1E7A4F7556}") = "KampIntro", "KampIntro\KampIntro.csproj", "{190C4214-DBB8-4A20-8A53-FF9AA33BB81C}"
EndProject
Project("{9A19103F-16F7-4668-BE54-9A1E7A4F7556}") = "Donguler", "Donguler\Donguler.csproj", "{EB554338-29E6-4688-A41D-9FADF139CDF8}"
EndProject
Project("{9A19103F-16F7-4668-BE54-9A1E7A4F7556}") = "ClassIntro", "ClassIntro\ClassIntro.csproj", "{8D9FCA33-4AD9-4C42-946D-A5B7E405FA51}"
EndProject
Project("{9A19103F-16F7-4668-BE54-9A1E7A4F7556}") = "Metotlar", "Metotlar\Metotlar.csproj", "{6B78DD71-C143-456F-B284-5984065A5128}"
EndProject
Project("{9A19103F-16F7-4668-BE54-9A1E7A4F7556}") = "Matematik", "Matematik\Matematik.csproj", "{C6D9652B-5423-46F8-BC20-94EAA9EE7612}"
EndProject
Project("{9A19103F-16F7-4668-BE54-9A1E7A4F7556}") = "DegerVeReferansTipler", "DegerVeReferansTipler\DegerVeReferansTipler.csproj", "{8FB3278A-AAAE-4798-92D5-20F5C3E4A218}"
EndProject
Project("{9A19103F-16F7-4668-BE54-9A1E7A4F7556}") = "ClassMetotDemo", "ClassMetotDemo\ClassMetotDemo.csproj", "{0B165BA2-4D50-46B2-A7C3-E734016E31A5}"
EndProject
Project("{9A19103F-16F7-4668-BE54-9A1E7A4F7556}") = "OOP1", "OOP1\OOP1.csproj", "{A341BA3D-270F-4A6F-A84A-156BC08A56F0}"
EndProject
Project("{9A19103F-16F7-4668-BE54-9A1E7A4F7556}") = "Koleksiyonlar", "Koleksiyonlar\Koleksiyonlar.csproj", "{76B93026-C0D2-40D8-991F-B767F7998DC7}"
EndProject
Project("{9A19103F-16F7-4668-BE54-9A1E7A4F7556}") = "GenericsIntro", "GenericsIntro\GenericsIntro.csproj", "{45278E50-FC76-4D5F-B527-4BD56C0C1E33}"
EndProject
Project("{FAE04EC0-301F-11D3-BF4B-00C04F79EFBC}") = "OOP2", "OOP2\OOP2.csproj", "{28AFB1F4-39B7-4462-AB28-730AE055CECD}"
EndProject
Project("{FAE04EC0-301F-11D3-BF4B-00C04F79EFBC}") = "OOP3", "OOP3\OOP3.csproj", "{B7AB6532-B587-46AB-8D36-A025B5A72671}"
EndProject
Project("{FAE04EC0-301F-11D3-BF4B-00C04F79EFBC}") = "Interfaces", "Interfaces\Interfaces.csproj", "{12316CEC-0389-495E-B59D-C4B6D8FDF7F5}"
EndProject
Project("{FAE04EC0-301F-11D3-BF4B-00C04F79EFBC}") = "InterfaceAbstractDemo", "InterfaceAbstractDemo\InterfaceAbstractDemo.csproj", "{8225D3DE-39F8-4CD5-AE85-576C0CE3B035}"
EndProject
Global
	GlobalSection(SolutionConfigurationPlatforms) = preSolution
		Debug|Any CPU = Debug|Any CPU
		Release|Any CPU = Release|Any CPU
	EndGlobalSection
	GlobalSection(ProjectConfigurationPlatforms) = postSolution
		{190C4214-DBB8-4A20-8A53-FF9AA33BB81C}.Debug|Any CPU.ActiveCfg = Debug|Any CPU
		{190C4214-DBB8-4A20-8A53-FF9AA33BB81C}.Debug|Any CPU.Build.0 = Debug|Any CPU
		{190C4214-DBB8-4A20-8A53-FF9AA33BB81C}.Release|Any CPU.ActiveCfg = Release|Any CPU
		{190C4214-DBB8-4A20-8A53-FF9AA33BB81C}.Release|Any CPU.Build.0 = Release|Any CPU
		{EB554338-29E6-4688-A41D-9FADF139CDF8}.Debug|Any CPU.ActiveCfg = Debug|Any CPU
		{EB554338-29E6-4688-A41D-9FADF139CDF8}.Debug|Any CPU.Build.0 = Debug|Any CPU
		{EB554338-29E6-4688-A41D-9FADF139CDF8}.Release|Any CPU.ActiveCfg = Release|Any CPU
		{EB554338-29E6-4688-A41D-9FADF139CDF8}.Release|Any CPU.Build.0 = Release|Any CPU
		{8D9FCA33-4AD9-4C42-946D-A5B7E405FA51}.Debug|Any CPU.ActiveCfg = Debug|Any CPU
		{8D9FCA33-4AD9-4C42-946D-A5B7E405FA51}.Debug|Any CPU.Build.0 = Debug|Any CPU
		{8D9FCA33-4AD9-4C42-946D-A5B7E405FA51}.Release|Any CPU.ActiveCfg = Release|Any CPU
		{8D9FCA33-4AD9-4C42-946D-A5B7E405FA51}.Release|Any CPU.Build.0 = Release|Any CPU
		{6B78DD71-C143-456F-B284-5984065A5128}.Debug|Any CPU.ActiveCfg = Debug|Any CPU
		{6B78DD71-C143-456F-B284-5984065A5128}.Debug|Any CPU.Build.0 = Debug|Any CPU
		{6B78DD71-C143-456F-B284-5984065A5128}.Release|Any CPU.ActiveCfg = Release|Any CPU
		{6B78DD71-C143-456F-B284-5984065A5128}.Release|Any CPU.Build.0 = Release|Any CPU
		{C6D9652B-5423-46F8-BC20-94EAA9EE7612}.Debug|Any CPU.ActiveCfg = Debug|Any CPU
		{C6D9652B-5423-46F8-BC20-94EAA9EE7612}.Debug|Any CPU.Build.0 = Debug|Any CPU
		{C6D9652B-5423-46F8-BC20-94EAA9EE7612}.Release|Any CPU.ActiveCfg = Release|Any CPU
		{C6D9652B-5423-46F8-BC20-94EAA9EE7612}.Release|Any CPU.Build.0 = Release|Any CPU
		{8FB3278A-AAAE-4798-92D5-20F5C3E4A218}.Debug|Any CPU.ActiveCfg = Debug|Any CPU
		{8FB3278A-AAAE-4798-92D5-20F5C3E4A218}.Debug|Any CPU.Build.0 = Debug|Any CPU
		{8FB3278A-AAAE-4798-92D5-20F5C3E4A218}.Release|Any CPU.ActiveCfg = Release|Any CPU
		{8FB3278A-AAAE-4798-92D5-20F5C3E4A218}.Release|Any CPU.Build.0 = Release|Any CPU
		{0B165BA2-4D50-46B2-A7C3-E734016E31A5}.Debug|Any CPU.ActiveCfg = Debug|Any CPU
		{0B165BA2-4D50-46B2-A7C3-E734016E31A5}.Debug|Any CPU.Build.0 = Debug|Any CPU
		{0B165BA2-4D50-46B2-A7C3-E734016E31A5}.Release|Any CPU.ActiveCfg = Release|Any CPU
		{0B165BA2-4D50-46B2-A7C3-E734016E31A5}.Release|Any CPU.Build.0 = Release|Any CPU
		{A341BA3D-270F-4A6F-A84A-156BC08A56F0}.Debug|Any CPU.ActiveCfg = Debug|Any CPU
		{A341BA3D-270F-4A6F-A84A-156BC08A56F0}.Debug|Any CPU.Build.0 = Debug|Any CPU
		{A341BA3D-270F-4A6F-A84A-156BC08A56F0}.Release|Any CPU.ActiveCfg = Release|Any CPU
		{A341BA3D-270F-4A6F-A84A-156BC08A56F0}.Release|Any CPU.Build.0 = Release|Any CPU
		{76B93026-C0D2-40D8-991F-B767F7998DC7}.Debug|Any CPU.ActiveCfg = Debug|Any CPU
		{76B93026-C0D2-40D8-991F-B767F7998DC7}.Debug|Any CPU.Build.0 = Debug|Any CPU
		{76B93026-C0D2-40D8-991F-B767F7998DC7}.Release|Any CPU.ActiveCfg = Release|Any CPU
		{76B93026-C0D2-40D8-991F-B767F7998DC7}.Release|Any CPU.Build.0 = Release|Any CPU
		{45278E50-FC76-4D5F-B527-4BD56C0C1E33}.Debug|Any CPU.ActiveCfg = Debug|Any CPU
		{45278E50-FC76-4D5F-B527-4BD56C0C1E33}.Debug|Any CPU.Build.0 = Debug|Any CPU
		{45278E50-FC76-4D5F-B527-4BD56C0C1E33}.Release|Any CPU.ActiveCfg = Release|Any CPU
		{45278E50-FC76-4D5F-B527-4BD56C0C1E33}.Release|Any CPU.Build.0 = Release|Any CPU
		{28AFB1F4-39B7-4462-AB28-730AE055CECD}.Debug|Any CPU.ActiveCfg = Debug|Any CPU
		{28AFB1F4-39B7-4462-AB28-730AE055CECD}.Debug|Any CPU.Build.0 = Debug|Any CPU
		{28AFB1F4-39B7-4462-AB28-730AE055CECD}.Release|Any CPU.ActiveCfg = Release|Any CPU
		{28AFB1F4-39B7-4462-AB28-730AE055CECD}.Release|Any CPU.Build.0 = Release|Any CPU
		{B7AB6532-B587-46AB-8D36-A025B5A72671}.Debug|Any CPU.ActiveCfg = Debug|Any CPU
		{B7AB6532-B587-46AB-8D36-A025B5A72671}.Debug|Any CPU.Build.0 = Debug|Any CPU
		{B7AB6532-B587-46AB-8D36-A025B5A72671}.Release|Any CPU.ActiveCfg = Release|Any CPU
		{B7AB6532-B587-46AB-8D36-A025B5A72671}.Release|Any CPU.Build.0 = Release|Any CPU
		{12316CEC-0389-495E-B59D-C4B6D8FDF7F5}.Debug|Any CPU.ActiveCfg = Debug|Any CPU
		{12316CEC-0389-495E-B59D-C4B6D8FDF7F5}.Debug|Any CPU.Build.0 = Debug|Any CPU
		{12316CEC-0389-495E-B59D-C4B6D8FDF7F5}.Release|Any CPU.ActiveCfg = Release|Any CPU
		{12316CEC-0389-495E-B59D-C4B6D8FDF7F5}.Release|Any CPU.Build.0 = Release|Any CPU
		{8225D3DE-39F8-4CD5-AE85-576C0CE3B035}.Debug|Any CPU.ActiveCfg = Debug|Any CPU
		{8225D3DE-39F8-4CD5-AE85-576C0CE3B035}.Debug|Any CPU.Build.0 = Debug|Any CPU
		{8225D3DE-39F8-4CD5-AE85-576C0CE3B035}.Release|Any CPU.ActiveCfg = Release|Any CPU
		{8225D3DE-39F8-4CD5-AE85-576C0CE3B035}.Release|Any CPU.Build.0 = Release|Any CPU
	EndGlobalSection
	GlobalSection(SolutionProperties) = preSolution
		HideSolutionNode = FALSE
	EndGlobalSection
	GlobalSection(ExtensibilityGlobals) = postSolution
		SolutionGuid = {FBBF51CE-B29C-4E15-872F-C35D3F390656}
	EndGlobalSection
EndGlobal
